
Microsoft Visual Studio Solution File, Format Version 12.00
# Visual Studio Version 17
VisualStudioVersion = 17.0.32014.148
MinimumVisualStudioVersion = 10.0.40219.1
Project("{8BC9CEB8-8B4A-11D0-8D11-00A0C91BC942}") = "MazeGame", "MazeGame.vcxproj", "{932698C2-4BCF-435E-B0C0-4B231CBEF75D}"
EndProject
Global
	GlobalSection(SolutionConfigurationPlatforms) = preSolution
		Debug|x64 = Debug|x64
		Debug|x86 = Debug|x86
		Release|x64 = Release|x64
		Release|x86 = Release|x86
	EndGlobalSection
	GlobalSection(ProjectConfigurationPlatforms) = postSolution
		{932698C2-4BCF-435E-B0C0-4B231CBEF75D}.Debug|x64.ActiveCfg = Debug|x64
		{932698C2-4BCF-435E-B0C0-4B231CBEF75D}.Debug|x64.Build.0 = Debug|x64
		{932698C2-4BCF-435E-B0C0-4B231CBEF75D}.Debug|x86.ActiveCfg = Debug|Win32
		{932698C2-4BCF-435E-B0C0-4B231CBEF75D}.Debug|x86.Build.0 = Debug|Win32
		{932698C2-4BCF-435E-B0C0-4B231CBEF75D}.Release|x64.ActiveCfg = Release|x64
		{932698C2-4BCF-435E-B0C0-4B231CBEF75D}.Release|x64.Build.0 = Release|x64
		{932698C2-4BCF-435E-B0C0-4B231CBEF75D}.Release|x86.ActiveCfg = Release|Win32
		{932698C2-4BCF-435E-B0C0-4B231CBEF75D}.Release|x86.Build.0 = Release|Win32
	EndGlobalSection
	GlobalSection(SolutionProperties) = preSolution
		HideSolutionNode = FALSE
	EndGlobalSection
	GlobalSection(ExtensibilityGlobals) = postSolution
		SolutionGuid = {2AC7D8F5-9700-4451-92E2-733E93E5369C}
	EndGlobalSection
EndGlobal
